
Microsoft Visual Studio Solution File, Format Version 12.00
# Visual Studio Version 17
VisualStudioVersion = 17.4.33110.190
MinimumVisualStudioVersion = 10.0.40219.1
Project("{9A19103F-16F7-4668-BE54-9A1E7A4F7556}") = "PilkGameMono", "PilkGameMono\PilkGameMono.csproj", "{767F061A-41AC-4032-BFBE-008A6E9EE9D9}"
EndProject
Project("{FAE04EC0-301F-11D3-BF4B-00C04F79EFBC}") = "PilkEngineMono", "PilkEngineMono\PilkEngineMono.csproj", "{9D2581BA-60E8-4ECD-82D8-D40D2D906880}"
EndProject
Global
	GlobalSection(SolutionConfigurationPlatforms) = preSolution
		Debug|Any CPU = Debug|Any CPU
		Release|Any CPU = Release|Any CPU
	EndGlobalSection
	GlobalSection(ProjectConfigurationPlatforms) = postSolution
		{767F061A-41AC-4032-BFBE-008A6E9EE9D9}.Debug|Any CPU.ActiveCfg = Debug|Any CPU
		{767F061A-41AC-4032-BFBE-008A6E9EE9D9}.Debug|Any CPU.Build.0 = Debug|Any CPU
		{767F061A-41AC-4032-BFBE-008A6E9EE9D9}.Release|Any CPU.ActiveCfg = Release|Any CPU
		{767F061A-41AC-4032-BFBE-008A6E9EE9D9}.Release|Any CPU.Build.0 = Release|Any CPU
		{9D2581BA-60E8-4ECD-82D8-D40D2D906880}.Debug|Any CPU.ActiveCfg = Debug|Any CPU
		{9D2581BA-60E8-4ECD-82D8-D40D2D906880}.Debug|Any CPU.Build.0 = Debug|Any CPU
		{9D2581BA-60E8-4ECD-82D8-D40D2D906880}.Release|Any CPU.ActiveCfg = Release|Any CPU
		{9D2581BA-60E8-4ECD-82D8-D40D2D906880}.Release|Any CPU.Build.0 = Release|Any CPU
	EndGlobalSection
	GlobalSection(SolutionProperties) = preSolution
		HideSolutionNode = FALSE
	EndGlobalSection
	GlobalSection(ExtensibilityGlobals) = postSolution
		SolutionGuid = {0D9C27F6-2D16-4075-BD25-9E1E5E6A5A1B}
	EndGlobalSection
EndGlobal
